// !$*UTF8*$!
{
	archiveVersion = 1;
	classes = {
	};
	objectVersion = 50;
	objects = {

/* Begin PBXBuildFile section */
		946864DE25D0DFB20090421F /* referance.cpp in Sources */ = {isa = PBXBuildFile; fileRef = 946864DD25D0DFB20090421F /* referance.cpp */; };
		9468650825D1F8340090421F /* libLLVM.dylib in Frameworks */ = {isa = PBXBuildFile; fileRef = 9468650725D1F8340090421F /* libLLVM.dylib */; };
		9468650925D1F8340090421F /* libLLVM.dylib in Embed Libraries */ = {isa = PBXBuildFile; fileRef = 9468650725D1F8340090421F /* libLLVM.dylib */; settings = {ATTRIBUTES = (CodeSignOnCopy, ); }; };
		947A65AA25DE1D770093D821 /* DreamLib.hpp in Headers */ = {isa = PBXBuildFile; fileRef = 947A65A925DE1D770093D821 /* DreamLib.hpp */; };
		947A65AC25DE1D770093D821 /* DreamLibPriv.hpp in Headers */ = {isa = PBXBuildFile; fileRef = 947A65AB25DE1D770093D821 /* DreamLibPriv.hpp */; };
		947A65AE25DE1D770093D821 /* DreamLib.cpp in Sources */ = {isa = PBXBuildFile; fileRef = 947A65AD25DE1D770093D821 /* DreamLib.cpp */; };
		948AB2F625DB5DA3009FCA3B /* main.cpp in Sources */ = {isa = PBXBuildFile; fileRef = 948AB2F425DB5DA3009FCA3B /* main.cpp */; };
		948AB2F925DB7935009FCA3B /* standard.cpp in Sources */ = {isa = PBXBuildFile; fileRef = 948AB2F725DB7935009FCA3B /* standard.cpp */; };
/* End PBXBuildFile section */

/* Begin PBXCopyFilesBuildPhase section */
		946864D825D0DFB20090421F /* CopyFiles */ = {
			isa = PBXCopyFilesBuildPhase;
			buildActionMask = 2147483647;
			dstPath = /usr/share/man/man1/;
			dstSubfolderSpec = 0;
			files = (
			);
			runOnlyForDeploymentPostprocessing = 1;
		};
		9468650A25D1F8340090421F /* Embed Libraries */ = {
			isa = PBXCopyFilesBuildPhase;
			buildActionMask = 12;
			dstPath = "";
			dstSubfolderSpec = 10;
			files = (
				9468650925D1F8340090421F /* libLLVM.dylib in Embed Libraries */,
			);
			name = "Embed Libraries";
			runOnlyForDeploymentPostprocessing = 0;
		};
/* End PBXCopyFilesBuildPhase section */

/* Begin PBXFileReference section */
		946864DA25D0DFB20090421F /* DreamLLVM */ = {isa = PBXFileReference; explicitFileType = "compiled.mach-o.executable"; includeInIndex = 0; path = DreamLLVM; sourceTree = BUILT_PRODUCTS_DIR; };
		946864DD25D0DFB20090421F /* referance.cpp */ = {isa = PBXFileReference; lastKnownFileType = sourcecode.cpp.cpp; path = referance.cpp; sourceTree = "<group>"; };
		946864EC25D1C93B0090421F /* test.h */ = {isa = PBXFileReference; lastKnownFileType = sourcecode.c.h; path = test.h; sourceTree = "<group>"; };
		9468650725D1F8340090421F /* libLLVM.dylib */ = {isa = PBXFileReference; lastKnownFileType = "compiled.mach-o.dylib"; name = libLLVM.dylib; path = ../../../../../usr/local/Cellar/llvm/11.0.1/lib/libLLVM.dylib; sourceTree = "<group>"; };
		947A65A725DE1D770093D821 /* libDreamLib.dylib */ = {isa = PBXFileReference; explicitFileType = "compiled.mach-o.dylib"; includeInIndex = 0; path = libDreamLib.dylib; sourceTree = BUILT_PRODUCTS_DIR; };
		947A65A925DE1D770093D821 /* DreamLib.hpp */ = {isa = PBXFileReference; lastKnownFileType = sourcecode.cpp.h; path = DreamLib.hpp; sourceTree = "<group>"; };
		947A65AB25DE1D770093D821 /* DreamLibPriv.hpp */ = {isa = PBXFileReference; lastKnownFileType = sourcecode.cpp.h; path = DreamLibPriv.hpp; sourceTree = "<group>"; };
		947A65AD25DE1D770093D821 /* DreamLib.cpp */ = {isa = PBXFileReference; lastKnownFileType = sourcecode.cpp.cpp; path = DreamLib.cpp; sourceTree = "<group>"; };
		948AB2F425DB5DA3009FCA3B /* main.cpp */ = {isa = PBXFileReference; lastKnownFileType = sourcecode.cpp.cpp; path = main.cpp; sourceTree = "<group>"; };
		948AB2F525DB5DA3009FCA3B /* main.hpp */ = {isa = PBXFileReference; lastKnownFileType = sourcecode.cpp.h; path = main.hpp; sourceTree = "<group>"; };
		948AB2F725DB7935009FCA3B /* standard.cpp */ = {isa = PBXFileReference; lastKnownFileType = sourcecode.cpp.cpp; path = standard.cpp; sourceTree = "<group>"; };
		948AB2F825DB7935009FCA3B /* standard.hpp */ = {isa = PBXFileReference; lastKnownFileType = sourcecode.cpp.h; path = standard.hpp; sourceTree = "<group>"; };
		94B551D125E3E0ED00F1DCB8 /* pass.h */ = {isa = PBXFileReference; lastKnownFileType = sourcecode.c.h; path = pass.h; sourceTree = "<group>"; };
/* End PBXFileReference section */

/* Begin PBXFrameworksBuildPhase section */
		946864D725D0DFB20090421F /* Frameworks */ = {
			isa = PBXFrameworksBuildPhase;
			buildActionMask = 2147483647;
			files = (
				9468650825D1F8340090421F /* libLLVM.dylib in Frameworks */,
			);
			runOnlyForDeploymentPostprocessing = 0;
		};
		947A65A525DE1D770093D821 /* Frameworks */ = {
			isa = PBXFrameworksBuildPhase;
			buildActionMask = 2147483647;
			files = (
			);
			runOnlyForDeploymentPostprocessing = 0;
		};
/* End PBXFrameworksBuildPhase section */

/* Begin PBXGroup section */
		946864D125D0DFB20090421F = {
			isa = PBXGroup;
			children = (
				946864DC25D0DFB20090421F /* DreamLLVM */,
				947A65A825DE1D770093D821 /* DreamLib */,
				946864DB25D0DFB20090421F /* Products */,
				9468650625D1F8340090421F /* Frameworks */,
			);
			sourceTree = "<group>";
		};
		946864DB25D0DFB20090421F /* Products */ = {
			isa = PBXGroup;
			children = (
				946864DA25D0DFB20090421F /* DreamLLVM */,
				947A65A725DE1D770093D821 /* libDreamLib.dylib */,
			);
			name = Products;
			sourceTree = "<group>";
		};
		946864DC25D0DFB20090421F /* DreamLLVM */ = {
			isa = PBXGroup;
			children = (
				946864DD25D0DFB20090421F /* referance.cpp */,
				946864EC25D1C93B0090421F /* test.h */,
				948AB2F425DB5DA3009FCA3B /* main.cpp */,
				948AB2F525DB5DA3009FCA3B /* main.hpp */,
				948AB2F725DB7935009FCA3B /* standard.cpp */,
				948AB2F825DB7935009FCA3B /* standard.hpp */,
				94B551D125E3E0ED00F1DCB8 /* pass.h */,
			);
			path = DreamLLVM;
			sourceTree = "<group>";
		};
		9468650625D1F8340090421F /* Frameworks */ = {
			isa = PBXGroup;
			children = (
				9468650725D1F8340090421F /* libLLVM.dylib */,
			);
			name = Frameworks;
			sourceTree = "<group>";
		};
		947A65A825DE1D770093D821 /* DreamLib */ = {
			isa = PBXGroup;
			children = (
				947A65A925DE1D770093D821 /* DreamLib.hpp */,
				947A65AB25DE1D770093D821 /* DreamLibPriv.hpp */,
				947A65AD25DE1D770093D821 /* DreamLib.cpp */,
			);
			path = DreamLib;
			sourceTree = "<group>";
		};
/* End PBXGroup section */

/* Begin PBXHeadersBuildPhase section */
		947A65A325DE1D770093D821 /* Headers */ = {
			isa = PBXHeadersBuildPhase;
			buildActionMask = 2147483647;
			files = (
				947A65AA25DE1D770093D821 /* DreamLib.hpp in Headers */,
				947A65AC25DE1D770093D821 /* DreamLibPriv.hpp in Headers */,
			);
			runOnlyForDeploymentPostprocessing = 0;
		};
/* End PBXHeadersBuildPhase section */

/* Begin PBXNativeTarget section */
		946864D925D0DFB20090421F /* DreamLLVM */ = {
			isa = PBXNativeTarget;
			buildConfigurationList = 946864E125D0DFB20090421F /* Build configuration list for PBXNativeTarget "DreamLLVM" */;
			buildPhases = (
				9468650A25D1F8340090421F /* Embed Libraries */,
				946864D625D0DFB20090421F /* Sources */,
				946864D725D0DFB20090421F /* Frameworks */,
				946864D825D0DFB20090421F /* CopyFiles */,
			);
			buildRules = (
			);
			dependencies = (
			);
			name = DreamLLVM;
			productName = DreamLLVM;
			productReference = 946864DA25D0DFB20090421F /* DreamLLVM */;
			productType = "com.apple.product-type.tool";
		};
		947A65A625DE1D770093D821 /* DreamLib */ = {
			isa = PBXNativeTarget;
			buildConfigurationList = 947A65B125DE1D770093D821 /* Build configuration list for PBXNativeTarget "DreamLib" */;
			buildPhases = (
				947A65A325DE1D770093D821 /* Headers */,
				947A65A425DE1D770093D821 /* Sources */,
				947A65A525DE1D770093D821 /* Frameworks */,
			);
			buildRules = (
			);
			dependencies = (
			);
			name = DreamLib;
			productName = DreamLib;
			productReference = 947A65A725DE1D770093D821 /* libDreamLib.dylib */;
			productType = "com.apple.product-type.library.dynamic";
		};
/* End PBXNativeTarget section */

/* Begin PBXProject section */
		946864D225D0DFB20090421F /* Project object */ = {
			isa = PBXProject;
			attributes = {
				LastUpgradeCheck = 1220;
				TargetAttributes = {
					946864D925D0DFB20090421F = {
						CreatedOnToolsVersion = 12.2;
					};
					947A65A625DE1D770093D821 = {
						CreatedOnToolsVersion = 12.2;
					};
				};
			};
			buildConfigurationList = 946864D525D0DFB20090421F /* Build configuration list for PBXProject "DreamLLVM" */;
			compatibilityVersion = "Xcode 9.3";
			developmentRegion = en;
			hasScannedForEncodings = 0;
			knownRegions = (
				en,
				Base,
			);
			mainGroup = 946864D125D0DFB20090421F;
			productRefGroup = 946864DB25D0DFB20090421F /* Products */;
			projectDirPath = "";
			projectRoot = "";
			targets = (
				946864D925D0DFB20090421F /* DreamLLVM */,
				947A65A625DE1D770093D821 /* DreamLib */,
			);
		};
/* End PBXProject section */

/* Begin PBXSourcesBuildPhase section */
		946864D625D0DFB20090421F /* Sources */ = {
			isa = PBXSourcesBuildPhase;
			buildActionMask = 2147483647;
			files = (
				948AB2F625DB5DA3009FCA3B /* main.cpp in Sources */,
				946864DE25D0DFB20090421F /* referance.cpp in Sources */,
				948AB2F925DB7935009FCA3B /* standard.cpp in Sources */,
			);
			runOnlyForDeploymentPostprocessing = 0;
		};
		947A65A425DE1D770093D821 /* Sources */ = {
			isa = PBXSourcesBuildPhase;
			buildActionMask = 2147483647;
			files = (
				947A65AE25DE1D770093D821 /* DreamLib.cpp in Sources */,
			);
			runOnlyForDeploymentPostprocessing = 0;
		};
/* End PBXSourcesBuildPhase section */

/* Begin XCBuildConfiguration section */
		946864DF25D0DFB20090421F /* Debug */ = {
			isa = XCBuildConfiguration;
			buildSettings = {
				ALWAYS_SEARCH_USER_PATHS = NO;
				CLANG_ANALYZER_NONNULL = YES;
				CLANG_ANALYZER_NUMBER_OBJECT_CONVERSION = YES_AGGRESSIVE;
				CLANG_CXX_LANGUAGE_STANDARD = "gnu++14";
				CLANG_CXX_LIBRARY = "libc++";
				CLANG_ENABLE_MODULES = YES;
				CLANG_ENABLE_OBJC_ARC = YES;
				CLANG_ENABLE_OBJC_WEAK = YES;
				CLANG_WARN_BLOCK_CAPTURE_AUTORELEASING = YES;
				CLANG_WARN_BOOL_CONVERSION = YES;
				CLANG_WARN_COMMA = YES;
				CLANG_WARN_CONSTANT_CONVERSION = YES;
				CLANG_WARN_DEPRECATED_OBJC_IMPLEMENTATIONS = YES;
				CLANG_WARN_DIRECT_OBJC_ISA_USAGE = YES_ERROR;
				CLANG_WARN_DOCUMENTATION_COMMENTS = YES;
				CLANG_WARN_EMPTY_BODY = YES;
				CLANG_WARN_ENUM_CONVERSION = YES;
				CLANG_WARN_INFINITE_RECURSION = YES;
				CLANG_WARN_INT_CONVERSION = YES;
				CLANG_WARN_NON_LITERAL_NULL_CONVERSION = YES;
				CLANG_WARN_OBJC_IMPLICIT_RETAIN_SELF = YES;
				CLANG_WARN_OBJC_LITERAL_CONVERSION = YES;
				CLANG_WARN_OBJC_ROOT_CLASS = YES_ERROR;
				CLANG_WARN_QUOTED_INCLUDE_IN_FRAMEWORK_HEADER = YES;
				CLANG_WARN_RANGE_LOOP_ANALYSIS = YES;
				CLANG_WARN_STRICT_PROTOTYPES = YES;
				CLANG_WARN_SUSPICIOUS_MOVE = YES;
				CLANG_WARN_UNGUARDED_AVAILABILITY = YES_AGGRESSIVE;
				CLANG_WARN_UNREACHABLE_CODE = YES;
				CLANG_WARN__DUPLICATE_METHOD_MATCH = YES;
				COPY_PHASE_STRIP = NO;
				DEBUG_INFORMATION_FORMAT = dwarf;
				ENABLE_STRICT_OBJC_MSGSEND = YES;
				ENABLE_TESTABILITY = YES;
				GCC_C_LANGUAGE_STANDARD = gnu11;
				GCC_DYNAMIC_NO_PIC = NO;
				GCC_NO_COMMON_BLOCKS = YES;
				GCC_OPTIMIZATION_LEVEL = 0;
				GCC_PREPROCESSOR_DEFINITIONS = (
					"DEBUG=1",
					"$(inherited)",
				);
				GCC_WARN_64_TO_32_BIT_CONVERSION = YES;
				GCC_WARN_ABOUT_RETURN_TYPE = YES_ERROR;
				GCC_WARN_UNDECLARED_SELECTOR = YES;
				GCC_WARN_UNINITIALIZED_AUTOS = YES_AGGRESSIVE;
				GCC_WARN_UNUSED_FUNCTION = YES;
				GCC_WARN_UNUSED_VARIABLE = YES;
				HEADER_SEARCH_PATHS = /usr/local/Cellar/llvm/11.0.1/include;
				LD_GENERATE_MAP_FILE = NO;
				LIBRARY_SEARCH_PATHS = /usr/local/Cellar/llvm/11.0.1/lib;
				MACOSX_DEPLOYMENT_TARGET = 11.0;
				MTL_ENABLE_DEBUG_INFO = INCLUDE_SOURCE;
				MTL_FAST_MATH = YES;
				ONLY_ACTIVE_ARCH = YES;
				OTHER_LDFLAGS = (
					"-lz",
					"-ltermcap",
					"-lc++",
					"-lLLVMCore",
					"-lLLVMSupport",
					"-lLLVMTransformUtils",
					"-lLLVMBitReader",
					"-lLLVMAnalysis",
					"-lLLVMDemangle",
					"`llvm-config",
					"--cxxflags",
					"--ldflags",
					"--system-libs",
					"--libs",
					"all`",
				);
				SDKROOT = macosx;
			};
			name = Debug;
		};
		946864E025D0DFB20090421F /* Release */ = {
			isa = XCBuildConfiguration;
			buildSettings = {
				ALWAYS_SEARCH_USER_PATHS = NO;
				CLANG_ANALYZER_NONNULL = YES;
				CLANG_ANALYZER_NUMBER_OBJECT_CONVERSION = YES_AGGRESSIVE;
				CLANG_CXX_LANGUAGE_STANDARD = "gnu++14";
				CLANG_CXX_LIBRARY = "libc++";
				CLANG_ENABLE_MODULES = YES;
				CLANG_ENABLE_OBJC_ARC = YES;
				CLANG_ENABLE_OBJC_WEAK = YES;
				CLANG_WARN_BLOCK_CAPTURE_AUTORELEASING = YES;
				CLANG_WARN_BOOL_CONVERSION = YES;
				CLANG_WARN_COMMA = YES;
				CLANG_WARN_CONSTANT_CONVERSION = YES;
				CLANG_WARN_DEPRECATED_OBJC_IMPLEMENTATIONS = YES;
				CLANG_WARN_DIRECT_OBJC_ISA_USAGE = YES_ERROR;
				CLANG_WARN_DOCUMENTATION_COMMENTS = YES;
				CLANG_WARN_EMPTY_BODY = YES;
				CLANG_WARN_ENUM_CONVERSION = YES;
				CLANG_WARN_INFINITE_RECURSION = YES;
				CLANG_WARN_INT_CONVERSION = YES;
				CLANG_WARN_NON_LITERAL_NULL_CONVERSION = YES;
				CLANG_WARN_OBJC_IMPLICIT_RETAIN_SELF = YES;
				CLANG_WARN_OBJC_LITERAL_CONVERSION = YES;
				CLANG_WARN_OBJC_ROOT_CLASS = YES_ERROR;
				CLANG_WARN_QUOTED_INCLUDE_IN_FRAMEWORK_HEADER = YES;
				CLANG_WARN_RANGE_LOOP_ANALYSIS = YES;
				CLANG_WARN_STRICT_PROTOTYPES = YES;
				CLANG_WARN_SUSPICIOUS_MOVE = YES;
				CLANG_WARN_UNGUARDED_AVAILABILITY = YES_AGGRESSIVE;
				CLANG_WARN_UNREACHABLE_CODE = YES;
				CLANG_WARN__DUPLICATE_METHOD_MATCH = YES;
				COPY_PHASE_STRIP = NO;
				DEBUG_INFORMATION_FORMAT = "dwarf-with-dsym";
				ENABLE_NS_ASSERTIONS = NO;
				ENABLE_STRICT_OBJC_MSGSEND = YES;
				GCC_C_LANGUAGE_STANDARD = gnu11;
				GCC_NO_COMMON_BLOCKS = YES;
				GCC_WARN_64_TO_32_BIT_CONVERSION = YES;
				GCC_WARN_ABOUT_RETURN_TYPE = YES_ERROR;
				GCC_WARN_UNDECLARED_SELECTOR = YES;
				GCC_WARN_UNINITIALIZED_AUTOS = YES_AGGRESSIVE;
				GCC_WARN_UNUSED_FUNCTION = YES;
				GCC_WARN_UNUSED_VARIABLE = YES;
				HEADER_SEARCH_PATHS = /usr/local/Cellar/llvm/11.0.1/include;
				LD_GENERATE_MAP_FILE = NO;
				MACOSX_DEPLOYMENT_TARGET = 11.0;
				MTL_ENABLE_DEBUG_INFO = NO;
				MTL_FAST_MATH = YES;
				OTHER_LDFLAGS = (
					"-lz",
					"-ltermcap",
					"-lc++",
					"-lLLVMCore",
					"-lLLVMSupport",
					"-lLLVMTransformUtils",
					"-lLLVMBitReader",
					"-lLLVMAnalysis",
					"-lLLVMDemangle",
					"`llvm-config",
					"--cxxflags",
					"--ldflags",
					"--system-libs",
					"--libs",
					"all`",
				);
				SDKROOT = macosx;
			};
			name = Release;
		};
		946864E225D0DFB20090421F /* Debug */ = {
			isa = XCBuildConfiguration;
			buildSettings = {
				CODE_SIGN_STYLE = Automatic;
				ENABLE_NS_ASSERTIONS = NO;
				"EXCLUDED_ARCHS[sdk=*]" = arm64;
				"EXCLUDED_SOURCE_FILE_NAMES[arch=*]" = referance.cpp;
				"HEADER_SEARCH_PATHS[arch=*]" = /usr/local/opt/llvm/include;
				LIBRARY_SEARCH_PATHS = /usr/local/opt/llvm/lib;
				OTHER_LDFLAGS = "";
				PRODUCT_NAME = "$(TARGET_NAME)";
			};
			name = Debug;
		};
		946864E325D0DFB20090421F /* Release */ = {
			isa = XCBuildConfiguration;
			buildSettings = {
				CODE_SIGN_STYLE = Automatic;
				"HEADER_SEARCH_PATHS[arch=*]" = /usr/local/Cellar/llvm/11.0.1/include;
				LIBRARY_SEARCH_PATHS = /usr/local/opt/llvm/lib;
				OTHER_LDFLAGS = (
					"-lz",
					"-ltermcap",
					"-lc++",
					"-lLLVMCore",
					"-lLLVMSupport",
					"-lLLVMTransformUtils",
					"-lLLVMBitReader",
					"-lLLVMAnalysis",
					"-lLLVMDemangle",
					"-undefined",
					dynamic_lookup,
					"-libs",
					interpreter,
				);
				PRODUCT_NAME = "$(TARGET_NAME)";
			};
			name = Release;
		};
		947A65AF25DE1D770093D821 /* Debug */ = {
			isa = XCBuildConfiguration;
			buildSettings = {
				CODE_SIGN_STYLE = Automatic;
				DYLIB_COMPATIBILITY_VERSION = 1;
				DYLIB_CURRENT_VERSION = 1;
				EXECUTABLE_PREFIX = lib;
				GCC_ENABLE_CPP_EXCEPTIONS = YES;
				GCC_ENABLE_CPP_RTTI = YES;
				GCC_SYMBOLS_PRIVATE_EXTERN = YES;
				PRODUCT_NAME = "$(TARGET_NAME)";
				SKIP_INSTALL = YES;
			};
			name = Debug;
		};
		947A65B025DE1D770093D821 /* Release */ = {
			isa = XCBuildConfiguration;
			buildSettings = {
				CODE_SIGN_STYLE = Automatic;
				DYLIB_COMPATIBILITY_VERSION = 1;
				DYLIB_CURRENT_VERSION = 1;
				EXECUTABLE_PREFIX = lib;
				GCC_ENABLE_CPP_EXCEPTIONS = YES;
				GCC_ENABLE_CPP_RTTI = YES;
				GCC_SYMBOLS_PRIVATE_EXTERN = YES;
				PRODUCT_NAME = "$(TARGET_NAME)";
				SKIP_INSTALL = YES;
			};
			name = Release;
		};
/* End XCBuildConfiguration section */

/* Begin XCConfigurationList section */
		946864D525D0DFB20090421F /* Build configuration list for PBXProject "DreamLLVM" */ = {
			isa = XCConfigurationList;
			buildConfigurations = (
				946864DF25D0DFB20090421F /* Debug */,
				946864E025D0DFB20090421F /* Release */,
			);
			defaultConfigurationIsVisible = 0;
			defaultConfigurationName = Release;
		};
		946864E125D0DFB20090421F /* Build configuration list for PBXNativeTarget "DreamLLVM" */ = {
			isa = XCConfigurationList;
			buildConfigurations = (
				946864E225D0DFB20090421F /* Debug */,
				946864E325D0DFB20090421F /* Release */,
			);
			defaultConfigurationIsVisible = 0;
			defaultConfigurationName = Release;
		};
		947A65B125DE1D770093D821 /* Build configuration list for PBXNativeTarget "DreamLib" */ = {
			isa = XCConfigurationList;
			buildConfigurations = (
				947A65AF25DE1D770093D821 /* Debug */,
				947A65B025DE1D770093D821 /* Release */,
			);
			defaultConfigurationIsVisible = 0;
			defaultConfigurationName = Release;
		};
/* End XCConfigurationList section */
	};
	rootObject = 946864D225D0DFB20090421F /* Project object */;
}
